
Microsoft Visual Studio Solution File, Format Version 10.00
# Visual C++ Express 2008
Project("{8BC9CEB8-8B4A-11D0-8D11-00A0C91BC942}") = "Mobile Robot", "Mobile Robot.vcproj", "{A8A46D37-9DD6-4E7F-B9F5-5AAFED67A84E}"
EndProject
Global
	GlobalSection(SolutionConfigurationPlatforms) = preSolution
		Debug|Win32 = Debug|Win32
		Release|Win32 = Release|Win32
	EndGlobalSection
	GlobalSection(ProjectConfigurationPlatforms) = postSolution
		{A8A46D37-9DD6-4E7F-B9F5-5AAFED67A84E}.Debug|Win32.ActiveCfg = Debug|Win32
		{A8A46D37-9DD6-4E7F-B9F5-5AAFED67A84E}.Debug|Win32.Build.0 = Debug|Win32
		{A8A46D37-9DD6-4E7F-B9F5-5AAFED67A84E}.Release|Win32.ActiveCfg = Release|Win32
		{A8A46D37-9DD6-4E7F-B9F5-5AAFED67A84E}.Release|Win32.Build.0 = Release|Win32
	EndGlobalSection
	GlobalSection(SolutionProperties) = preSolution
		HideSolutionNode = FALSE
	EndGlobalSection
EndGlobal
